
Microsoft Visual Studio Solution File, Format Version 12.00
# Visual Studio 15
VisualStudioVersion = 15.0.25807.0
MinimumVisualStudioVersion = 10.0.40219.1
Project("{2150E333-8FDC-42A3-9474-1A3956D46DE8}") = "Engine", "Engine", "{4755B95B-7B85-4895-8CA1-ECCC6C3A12D7}"
EndProject
Project("{2150E333-8FDC-42A3-9474-1A3956D46DE8}") = "Games", "Games", "{D720F730-9A38-43E9-A327-B780E5D66760}"
EndProject
Project("{8BC9CEB8-8B4A-11D0-8D11-00A0C91BC942}") = "UE4", "Intermediate\ProjectFiles\UE4.vcxproj", "{65E2CEDF-8B8E-45E3-894F-FF16235FB8EC}"
EndProject
Project("{8BC9CEB8-8B4A-11D0-8D11-00A0C91BC942}") = "BuildingScape", "Intermediate\ProjectFiles\BuildingScape.vcxproj", "{1748AA66-8B89-4D56-BC6B-F2F55FF98915}"
EndProject
Global
	GlobalSection(SolutionConfigurationPlatforms) = preSolution
		DebugGame Editor|HTML5 = DebugGame Editor|HTML5
		DebugGame Editor|IOS = DebugGame Editor|IOS
		DebugGame Editor|Win32 = DebugGame Editor|Win32
		DebugGame Editor|Win64 = DebugGame Editor|Win64
		DebugGame|HTML5 = DebugGame|HTML5
		DebugGame|IOS = DebugGame|IOS
		DebugGame|Win32 = DebugGame|Win32
		DebugGame|Win64 = DebugGame|Win64
		Development Editor|HTML5 = Development Editor|HTML5
		Development Editor|IOS = Development Editor|IOS
		Development Editor|Win32 = Development Editor|Win32
		Development Editor|Win64 = Development Editor|Win64
		Development|HTML5 = Development|HTML5
		Development|IOS = Development|IOS
		Development|Win32 = Development|Win32
		Development|Win64 = Development|Win64
		Shipping|HTML5 = Shipping|HTML5
		Shipping|IOS = Shipping|IOS
		Shipping|Win32 = Shipping|Win32
		Shipping|Win64 = Shipping|Win64
	EndGlobalSection
	GlobalSection(ProjectConfigurationPlatforms) = postSolution
		{65E2CEDF-8B8E-45E3-894F-FF16235FB8EC}.DebugGame Editor|HTML5.ActiveCfg = BuiltWithUnrealBuildTool|Win32
		{65E2CEDF-8B8E-45E3-894F-FF16235FB8EC}.DebugGame Editor|HTML5.Build.0 = BuiltWithUnrealBuildTool|Win32
		{65E2CEDF-8B8E-45E3-894F-FF16235FB8EC}.DebugGame Editor|IOS.ActiveCfg = BuiltWithUnrealBuildTool|Win32
		{65E2CEDF-8B8E-45E3-894F-FF16235FB8EC}.DebugGame Editor|IOS.Build.0 = BuiltWithUnrealBuildTool|Win32
		{65E2CEDF-8B8E-45E3-894F-FF16235FB8EC}.DebugGame Editor|Win32.ActiveCfg = BuiltWithUnrealBuildTool|Win32
		{65E2CEDF-8B8E-45E3-894F-FF16235FB8EC}.DebugGame Editor|Win32.Build.0 = BuiltWithUnrealBuildTool|Win32
		{65E2CEDF-8B8E-45E3-894F-FF16235FB8EC}.DebugGame Editor|Win64.ActiveCfg = BuiltWithUnrealBuildTool|Win32
		{65E2CEDF-8B8E-45E3-894F-FF16235FB8EC}.DebugGame Editor|Win64.Build.0 = BuiltWithUnrealBuildTool|Win32
		{65E2CEDF-8B8E-45E3-894F-FF16235FB8EC}.DebugGame|HTML5.ActiveCfg = BuiltWithUnrealBuildTool|Win32
		{65E2CEDF-8B8E-45E3-894F-FF16235FB8EC}.DebugGame|HTML5.Build.0 = BuiltWithUnrealBuildTool|Win32
		{65E2CEDF-8B8E-45E3-894F-FF16235FB8EC}.DebugGame|IOS.ActiveCfg = BuiltWithUnrealBuildTool|Win32
		{65E2CEDF-8B8E-45E3-894F-FF16235FB8EC}.DebugGame|IOS.Build.0 = BuiltWithUnrealBuildTool|Win32
		{65E2CEDF-8B8E-45E3-894F-FF16235FB8EC}.DebugGame|Win32.ActiveCfg = BuiltWithUnrealBuildTool|Win32
		{65E2CEDF-8B8E-45E3-894F-FF16235FB8EC}.DebugGame|Win32.Build.0 = BuiltWithUnrealBuildTool|Win32
		{65E2CEDF-8B8E-45E3-894F-FF16235FB8EC}.DebugGame|Win64.ActiveCfg = BuiltWithUnrealBuildTool|Win32
		{65E2CEDF-8B8E-45E3-894F-FF16235FB8EC}.DebugGame|Win64.Build.0 = BuiltWithUnrealBuildTool|Win32
		{65E2CEDF-8B8E-45E3-894F-FF16235FB8EC}.Development Editor|HTML5.ActiveCfg = BuiltWithUnrealBuildTool|Win32
		{65E2CEDF-8B8E-45E3-894F-FF16235FB8EC}.Development Editor|HTML5.Build.0 = BuiltWithUnrealBuildTool|Win32
		{65E2CEDF-8B8E-45E3-894F-FF16235FB8EC}.Development Editor|IOS.ActiveCfg = BuiltWithUnrealBuildTool|Win32
		{65E2CEDF-8B8E-45E3-894F-FF16235FB8EC}.Development Editor|IOS.Build.0 = BuiltWithUnrealBuildTool|Win32
		{65E2CEDF-8B8E-45E3-894F-FF16235FB8EC}.Development Editor|Win32.ActiveCfg = BuiltWithUnrealBuildTool|Win32
		{65E2CEDF-8B8E-45E3-894F-FF16235FB8EC}.Development Editor|Win32.Build.0 = BuiltWithUnrealBuildTool|Win32
		{65E2CEDF-8B8E-45E3-894F-FF16235FB8EC}.Development Editor|Win64.ActiveCfg = BuiltWithUnrealBuildTool|Win32
		{65E2CEDF-8B8E-45E3-894F-FF16235FB8EC}.Development Editor|Win64.Build.0 = BuiltWithUnrealBuildTool|Win32
		{65E2CEDF-8B8E-45E3-894F-FF16235FB8EC}.Development|HTML5.ActiveCfg = BuiltWithUnrealBuildTool|Win32
		{65E2CEDF-8B8E-45E3-894F-FF16235FB8EC}.Development|HTML5.Build.0 = BuiltWithUnrealBuildTool|Win32
		{65E2CEDF-8B8E-45E3-894F-FF16235FB8EC}.Development|IOS.ActiveCfg = BuiltWithUnrealBuildTool|Win32
		{65E2CEDF-8B8E-45E3-894F-FF16235FB8EC}.Development|IOS.Build.0 = BuiltWithUnrealBuildTool|Win32
		{65E2CEDF-8B8E-45E3-894F-FF16235FB8EC}.Development|Win32.ActiveCfg = BuiltWithUnrealBuildTool|Win32
		{65E2CEDF-8B8E-45E3-894F-FF16235FB8EC}.Development|Win32.Build.0 = BuiltWithUnrealBuildTool|Win32
		{65E2CEDF-8B8E-45E3-894F-FF16235FB8EC}.Development|Win64.ActiveCfg = BuiltWithUnrealBuildTool|Win32
		{65E2CEDF-8B8E-45E3-894F-FF16235FB8EC}.Development|Win64.Build.0 = BuiltWithUnrealBuildTool|Win32
		{65E2CEDF-8B8E-45E3-894F-FF16235FB8EC}.Shipping|HTML5.ActiveCfg = BuiltWithUnrealBuildTool|Win32
		{65E2CEDF-8B8E-45E3-894F-FF16235FB8EC}.Shipping|HTML5.Build.0 = BuiltWithUnrealBuildTool|Win32
		{65E2CEDF-8B8E-45E3-894F-FF16235FB8EC}.Shipping|IOS.ActiveCfg = BuiltWithUnrealBuildTool|Win32
		{65E2CEDF-8B8E-45E3-894F-FF16235FB8EC}.Shipping|IOS.Build.0 = BuiltWithUnrealBuildTool|Win32
		{65E2CEDF-8B8E-45E3-894F-FF16235FB8EC}.Shipping|Win32.ActiveCfg = BuiltWithUnrealBuildTool|Win32
		{65E2CEDF-8B8E-45E3-894F-FF16235FB8EC}.Shipping|Win32.Build.0 = BuiltWithUnrealBuildTool|Win32
		{65E2CEDF-8B8E-45E3-894F-FF16235FB8EC}.Shipping|Win64.ActiveCfg = BuiltWithUnrealBuildTool|Win32
		{65E2CEDF-8B8E-45E3-894F-FF16235FB8EC}.Shipping|Win64.Build.0 = BuiltWithUnrealBuildTool|Win32
		{1748AA66-8B89-4D56-BC6B-F2F55FF98915}.DebugGame Editor|HTML5.ActiveCfg = HTML5_DebugGame_Editor|Win32
		{1748AA66-8B89-4D56-BC6B-F2F55FF98915}.DebugGame Editor|IOS.ActiveCfg = IOS_DebugGame_Editor|Win32
		{1748AA66-8B89-4D56-BC6B-F2F55FF98915}.DebugGame Editor|Win32.ActiveCfg = DebugGame_Editor|Win32
		{1748AA66-8B89-4D56-BC6B-F2F55FF98915}.DebugGame Editor|Win64.ActiveCfg = DebugGame_Editor|x64
		{1748AA66-8B89-4D56-BC6B-F2F55FF98915}.DebugGame Editor|Win64.Build.0 = DebugGame_Editor|x64
		{1748AA66-8B89-4D56-BC6B-F2F55FF98915}.DebugGame|HTML5.ActiveCfg = HTML5_DebugGame_Game|Win32
		{1748AA66-8B89-4D56-BC6B-F2F55FF98915}.DebugGame|HTML5.Build.0 = HTML5_DebugGame_Game|Win32
		{1748AA66-8B89-4D56-BC6B-F2F55FF98915}.DebugGame|IOS.ActiveCfg = IOS_DebugGame_Game|Win32
		{1748AA66-8B89-4D56-BC6B-F2F55FF98915}.DebugGame|IOS.Build.0 = IOS_DebugGame_Game|Win32
		{1748AA66-8B89-4D56-BC6B-F2F55FF98915}.DebugGame|Win32.ActiveCfg = DebugGame_Game|Win32
		{1748AA66-8B89-4D56-BC6B-F2F55FF98915}.DebugGame|Win32.Build.0 = DebugGame_Game|Win32
		{1748AA66-8B89-4D56-BC6B-F2F55FF98915}.DebugGame|Win64.ActiveCfg = DebugGame_Game|x64
		{1748AA66-8B89-4D56-BC6B-F2F55FF98915}.DebugGame|Win64.Build.0 = DebugGame_Game|x64
		{1748AA66-8B89-4D56-BC6B-F2F55FF98915}.Development Editor|HTML5.ActiveCfg = HTML5_Development_Editor|Win32
		{1748AA66-8B89-4D56-BC6B-F2F55FF98915}.Development Editor|IOS.ActiveCfg = IOS_Development_Editor|Win32
		{1748AA66-8B89-4D56-BC6B-F2F55FF98915}.Development Editor|Win32.ActiveCfg = Development_Editor|Win32
		{1748AA66-8B89-4D56-BC6B-F2F55FF98915}.Development Editor|Win64.ActiveCfg = Development_Editor|x64
		{1748AA66-8B89-4D56-BC6B-F2F55FF98915}.Development Editor|Win64.Build.0 = Development_Editor|x64
		{1748AA66-8B89-4D56-BC6B-F2F55FF98915}.Development|HTML5.ActiveCfg = HTML5_Development_Game|Win32
		{1748AA66-8B89-4D56-BC6B-F2F55FF98915}.Development|HTML5.Build.0 = HTML5_Development_Game|Win32
		{1748AA66-8B89-4D56-BC6B-F2F55FF98915}.Development|IOS.ActiveCfg = IOS_Development_Game|Win32
		{1748AA66-8B89-4D56-BC6B-F2F55FF98915}.Development|IOS.Build.0 = IOS_Development_Game|Win32
		{1748AA66-8B89-4D56-BC6B-F2F55FF98915}.Development|Win32.ActiveCfg = Development_Game|Win32
		{1748AA66-8B89-4D56-BC6B-F2F55FF98915}.Development|Win32.Build.0 = Development_Game|Win32
		{1748AA66-8B89-4D56-BC6B-F2F55FF98915}.Development|Win64.ActiveCfg = Development_Game|x64
		{1748AA66-8B89-4D56-BC6B-F2F55FF98915}.Development|Win64.Build.0 = Development_Game|x64
		{1748AA66-8B89-4D56-BC6B-F2F55FF98915}.Shipping|HTML5.ActiveCfg = HTML5_Shipping_Game|Win32
		{1748AA66-8B89-4D56-BC6B-F2F55FF98915}.Shipping|HTML5.Build.0 = HTML5_Shipping_Game|Win32
		{1748AA66-8B89-4D56-BC6B-F2F55FF98915}.Shipping|IOS.ActiveCfg = IOS_Shipping_Game|Win32
		{1748AA66-8B89-4D56-BC6B-F2F55FF98915}.Shipping|IOS.Build.0 = IOS_Shipping_Game|Win32
		{1748AA66-8B89-4D56-BC6B-F2F55FF98915}.Shipping|Win32.ActiveCfg = Shipping_Game|Win32
		{1748AA66-8B89-4D56-BC6B-F2F55FF98915}.Shipping|Win32.Build.0 = Shipping_Game|Win32
		{1748AA66-8B89-4D56-BC6B-F2F55FF98915}.Shipping|Win64.ActiveCfg = Shipping_Game|x64
		{1748AA66-8B89-4D56-BC6B-F2F55FF98915}.Shipping|Win64.Build.0 = Shipping_Game|x64
	EndGlobalSection
	GlobalSection(SolutionProperties) = preSolution
		HideSolutionNode = FALSE
	EndGlobalSection
	GlobalSection(NestedProjects) = preSolution
		{65E2CEDF-8B8E-45E3-894F-FF16235FB8EC} = {4755B95B-7B85-4895-8CA1-ECCC6C3A12D7}
		{1748AA66-8B89-4D56-BC6B-F2F55FF98915} = {D720F730-9A38-43E9-A327-B780E5D66760}
	EndGlobalSection
	GlobalSection(ExtensibilityGlobals) = postSolution
		SolutionGuid = {5FF82821-7CFD-4CED-8408-86E823B53933}
	EndGlobalSection
EndGlobal
